
Microsoft Visual Studio Solution File, Format Version 12.00
# Visual Studio Version 17
VisualStudioVersion = 17.1.32407.343
MinimumVisualStudioVersion = 10.0.40219.1
Project("{FAE04EC0-301F-11D3-BF4B-00C04F79EFBC}") = "Assignment 02", "Assignment 02\Assignment 02.csproj", "{570C54D1-FB48-470C-8350-8744F4B9F613}"
EndProject
Global
	GlobalSection(SolutionConfigurationPlatforms) = preSolution
		Debug|Any CPU = Debug|Any CPU
		Release|Any CPU = Release|Any CPU
	EndGlobalSection
	GlobalSection(ProjectConfigurationPlatforms) = postSolution
		{570C54D1-FB48-470C-8350-8744F4B9F613}.Debug|Any CPU.ActiveCfg = Debug|Any CPU
		{570C54D1-FB48-470C-8350-8744F4B9F613}.Debug|Any CPU.Build.0 = Debug|Any CPU
		{570C54D1-FB48-470C-8350-8744F4B9F613}.Release|Any CPU.ActiveCfg = Release|Any CPU
		{570C54D1-FB48-470C-8350-8744F4B9F613}.Release|Any CPU.Build.0 = Release|Any CPU
	EndGlobalSection
	GlobalSection(SolutionProperties) = preSolution
		HideSolutionNode = FALSE
	EndGlobalSection
	GlobalSection(ExtensibilityGlobals) = postSolution
		SolutionGuid = {1E671D3B-84E1-4074-AD05-BF469F2E43C0}
	EndGlobalSection
EndGlobal
