
Microsoft Visual Studio Solution File, Format Version 12.00
# Visual Studio Version 17
VisualStudioVersion = 17.1.32407.343
MinimumVisualStudioVersion = 10.0.40219.1
Project("{FAE04EC0-301F-11D3-BF4B-00C04F79EFBC}") = "Lab 03-Assignment 02", "Lab 03-Assignment 02\Lab 03-Assignment 02.csproj", "{9B92F34F-3556-4066-9843-29DB412CBEE2}"
EndProject
Global
	GlobalSection(SolutionConfigurationPlatforms) = preSolution
		Debug|Any CPU = Debug|Any CPU
		Release|Any CPU = Release|Any CPU
	EndGlobalSection
	GlobalSection(ProjectConfigurationPlatforms) = postSolution
		{9B92F34F-3556-4066-9843-29DB412CBEE2}.Debug|Any CPU.ActiveCfg = Debug|Any CPU
		{9B92F34F-3556-4066-9843-29DB412CBEE2}.Debug|Any CPU.Build.0 = Debug|Any CPU
		{9B92F34F-3556-4066-9843-29DB412CBEE2}.Release|Any CPU.ActiveCfg = Release|Any CPU
		{9B92F34F-3556-4066-9843-29DB412CBEE2}.Release|Any CPU.Build.0 = Release|Any CPU
	EndGlobalSection
	GlobalSection(SolutionProperties) = preSolution
		HideSolutionNode = FALSE
	EndGlobalSection
	GlobalSection(ExtensibilityGlobals) = postSolution
		SolutionGuid = {F4B30C87-1268-485E-8F60-7099AC8E0E78}
	EndGlobalSection
EndGlobal
