
Microsoft Visual Studio Solution File, Format Version 12.00
# Visual Studio Version 17
VisualStudioVersion = 17.1.32407.343
MinimumVisualStudioVersion = 10.0.40219.1
Project("{FAE04EC0-301F-11D3-BF4B-00C04F79EFBC}") = "Lab02-Assignment 01", "Lab02-Assignment 01\Lab02-Assignment 01.csproj", "{0621815B-F49A-4265-9C80-1674B9CDED61}"
EndProject
Global
	GlobalSection(SolutionConfigurationPlatforms) = preSolution
		Debug|Any CPU = Debug|Any CPU
		Release|Any CPU = Release|Any CPU
	EndGlobalSection
	GlobalSection(ProjectConfigurationPlatforms) = postSolution
		{0621815B-F49A-4265-9C80-1674B9CDED61}.Debug|Any CPU.ActiveCfg = Debug|Any CPU
		{0621815B-F49A-4265-9C80-1674B9CDED61}.Debug|Any CPU.Build.0 = Debug|Any CPU
		{0621815B-F49A-4265-9C80-1674B9CDED61}.Release|Any CPU.ActiveCfg = Release|Any CPU
		{0621815B-F49A-4265-9C80-1674B9CDED61}.Release|Any CPU.Build.0 = Release|Any CPU
	EndGlobalSection
	GlobalSection(SolutionProperties) = preSolution
		HideSolutionNode = FALSE
	EndGlobalSection
	GlobalSection(ExtensibilityGlobals) = postSolution
		SolutionGuid = {961486E1-06F8-4241-A3EB-E2CB70B81D3C}
	EndGlobalSection
EndGlobal
